// !$*UTF8*$!
{
	archiveVersion = 1;
	classes = {
	};
	objectVersion = 46;
	objects = {

/* Begin PBXBuildFile section */
		3F01661F19E5418B001D302A /* logo29.png in Resources */ = {isa = PBXBuildFile; fileRef = 3F01661A19E5418B001D302A /* logo29.png */; };
		3F01662019E5418B001D302A /* logo40.png in Resources */ = {isa = PBXBuildFile; fileRef = 3F01661B19E5418B001D302A /* logo40.png */; };
		3F01662119E5418B001D302A /* logo58.png in Resources */ = {isa = PBXBuildFile; fileRef = 3F01661C19E5418B001D302A /* logo58.png */; };
		3F01662219E5418B001D302A /* logo80.png in Resources */ = {isa = PBXBuildFile; fileRef = 3F01661D19E5418B001D302A /* logo80.png */; };
		3F01662319E5418B001D302A /* logo180.png in Resources */ = {isa = PBXBuildFile; fileRef = 3F01661E19E5418B001D302A /* logo180.png */; };
		3F01662519E542CD001D302A /* logo120.png in Resources */ = {isa = PBXBuildFile; fileRef = 3F01662419E542CD001D302A /* logo120.png */; };
		3F238D1319C1A9FB00F0A186 /* FERFormatHelperTests.m in Sources */ = {isa = PBXBuildFile; fileRef = 3F238D1219C1A9FB00F0A186 /* FERFormatHelperTests.m */; };
		3F34224619E3ECD6008E0095 /* logo76.png in Resources */ = {isa = PBXBuildFile; fileRef = 3F34224419E3ECD6008E0095 /* logo76.png */; };
		3F34224719E3ECD6008E0095 /* logo152.png in Resources */ = {isa = PBXBuildFile; fileRef = 3F34224519E3ECD6008E0095 /* logo152.png */; };
		3F54606E19EFBE0D00187FAC /* launch_landscapeLeft.png in Resources */ = {isa = PBXBuildFile; fileRef = 3F54606A19EFBE0D00187FAC /* launch_landscapeLeft.png */; };
		3F54606F19EFBE0D00187FAC /* launch_portrait.png in Resources */ = {isa = PBXBuildFile; fileRef = 3F54606B19EFBE0D00187FAC /* launch_portrait.png */; };
		3F54607019EFBE0D00187FAC /* launch_portraitUpsidedown.png in Resources */ = {isa = PBXBuildFile; fileRef = 3F54606C19EFBE0D00187FAC /* launch_portraitUpsidedown.png */; };
		3F54607119EFBE0D00187FAC /* launch_landscapeRight.png in Resources */ = {isa = PBXBuildFile; fileRef = 3F54606D19EFBE0D00187FAC /* launch_landscapeRight.png */; };
		3F54607619EFC71B00187FAC /* launch_landscapeLeft1024.png in Resources */ = {isa = PBXBuildFile; fileRef = 3F54607219EFC71B00187FAC /* launch_landscapeLeft1024.png */; };
		3F54607719EFC71B00187FAC /* launch_portrait1024.png in Resources */ = {isa = PBXBuildFile; fileRef = 3F54607319EFC71B00187FAC /* launch_portrait1024.png */; };
		3F54607819EFC71B00187FAC /* launch_portraitUpsidedown1024.png in Resources */ = {isa = PBXBuildFile; fileRef = 3F54607419EFC71B00187FAC /* launch_portraitUpsidedown1024.png */; };
		3F54607919EFC71B00187FAC /* launch_landscapeRight1024.png in Resources */ = {isa = PBXBuildFile; fileRef = 3F54607519EFC71B00187FAC /* launch_landscapeRight1024.png */; };
		3F55DA6119E7E52700913AE5 /* FERFirstViewController.m in Sources */ = {isa = PBXBuildFile; fileRef = 3F55DA6019E7E52700913AE5 /* FERFirstViewController.m */; };
		3F55DA6419E7E53700913AE5 /* FERSignupViewController.m in Sources */ = {isa = PBXBuildFile; fileRef = 3F55DA6319E7E53700913AE5 /* FERSignupViewController.m */; };
		3F5A84D119B71C1D00797C84 /* FERDontRepeatViewController.m in Sources */ = {isa = PBXBuildFile; fileRef = 3F5A84D019B71C1D00797C84 /* FERDontRepeatViewController.m */; };
		3F5A84D419B7260800797C84 /* FERFirebaseManager.m in Sources */ = {isa = PBXBuildFile; fileRef = 3F5A84D319B7260800797C84 /* FERFirebaseManager.m */; };
		3F5A84DD19B765D100797C84 /* FERFormatHelper.m in Sources */ = {isa = PBXBuildFile; fileRef = 3F5A84DC19B765D100797C84 /* FERFormatHelper.m */; };
		3F661F6819DAA5050034B550 /* NoPic.png in Resources */ = {isa = PBXBuildFile; fileRef = 3F661F6719DAA5050034B550 /* NoPic.png */; };
		3F661F6A19DAAA880034B550 /* backgroundOrange.png in Resources */ = {isa = PBXBuildFile; fileRef = 3F661F6919DAAA880034B550 /* backgroundOrange.png */; };
		3F661F6D19DAEA2F0034B550 /* FERMomentLayout.m in Sources */ = {isa = PBXBuildFile; fileRef = 3F661F6C19DAEA2F0034B550 /* FERMomentLayout.m */; };
		3F661F7019DAEA3E0034B550 /* FERDaysLayout.m in Sources */ = {isa = PBXBuildFile; fileRef = 3F661F6F19DAEA3E0034B550 /* FERDaysLayout.m */; };
		3F661F7319DB064A0034B550 /* launch960.png in Resources */ = {isa = PBXBuildFile; fileRef = 3F661F7119DB064A0034B550 /* launch960.png */; };
		3F661F7419DB064A0034B550 /* launch1136.png in Resources */ = {isa = PBXBuildFile; fileRef = 3F661F7219DB064A0034B550 /* launch1136.png */; };
		3F8C8E4619D46912008EF71C /* FERPlistManagerTests.m in Sources */ = {isa = PBXBuildFile; fileRef = 3F8C8E4519D46912008EF71C /* FERPlistManagerTests.m */; };
		3F8D67D419C89253008F70C4 /* FERImageDownloader.m in Sources */ = {isa = PBXBuildFile; fileRef = 3F8D67D319C89253008F70C4 /* FERImageDownloader.m */; };
		3F8D67DA19C98BFB008F70C4 /* UIImage+Scale.m in Sources */ = {isa = PBXBuildFile; fileRef = 3F8D67D919C98BFB008F70C4 /* UIImage+Scale.m */; };
		3F8DAD2219DB0D96007407CC /* UIColor+FERcolors.m in Sources */ = {isa = PBXBuildFile; fileRef = 3F8DAD2119DB0D96007407CC /* UIColor+FERcolors.m */; };
		3F8DAD2419DB137C007407CC /* themePolaroid.png in Resources */ = {isa = PBXBuildFile; fileRef = 3F8DAD2319DB137C007407CC /* themePolaroid.png */; };
		3F9F4D6419A64C7600C10435 /* FERLoginManager.m in Sources */ = {isa = PBXBuildFile; fileRef = 3F9F4D5F19A64C7600C10435 /* FERLoginManager.m */; };
		3F9F4D6919A64D5900C10435 /* FERUser.m in Sources */ = {isa = PBXBuildFile; fileRef = 3F9F4D6819A64D5900C10435 /* FERUser.m */; };
		3FA8D48C19B5E0A900C57137 /* FERPlistManager.m in Sources */ = {isa = PBXBuildFile; fileRef = 3FA8D48B19B5E0A900C57137 /* FERPlistManager.m */; };
		3FA996B219A655B5003B00AE /* FERLoginViewController.m in Sources */ = {isa = PBXBuildFile; fileRef = 3FA996B119A655B5003B00AE /* FERLoginViewController.m */; };
		3FAA209F19A5018F003E22AC /* FERDontRepeatCell.m in Sources */ = {isa = PBXBuildFile; fileRef = 3FAA209E19A5018F003E22AC /* FERDontRepeatCell.m */; };
		3FAA20A219A5081A003E22AC /* FERMainCollectionView.m in Sources */ = {isa = PBXBuildFile; fileRef = 3FAA20A119A5081A003E22AC /* FERMainCollectionView.m */; };
		3FB15DCF19AB59AC00F6BD26 /* Accounts.framework in Frameworks */ = {isa = PBXBuildFile; fileRef = 3FB15DCE19AB59AC00F6BD26 /* Accounts.framework */; };
		3FB15DD119AB59B500F6BD26 /* Social.framework in Frameworks */ = {isa = PBXBuildFile; fileRef = 3FB15DD019AB59B500F6BD26 /* Social.framework */; };
		3FB15E2219AC97D500F6BD26 /* FirebaseSimpleLogin.framework in Frameworks */ = {isa = PBXBuildFile; fileRef = 3FB15E2119AC97D500F6BD26 /* FirebaseSimpleLogin.framework */; };
		3FC5703B19C0A202009868FC /* MobileCoreServices.framework in Frameworks */ = {isa = PBXBuildFile; fileRef = 3FC5703919C0A1B4009868FC /* MobileCoreServices.framework */; };
		3FDAA1BD19BF10F9000CA725 /* FERDontRepeatObjects.m in Sources */ = {isa = PBXBuildFile; fileRef = 3FDAA1BC19BF10F9000CA725 /* FERDontRepeatObjects.m */; };
		3FDAA1C019BF1502000CA725 /* FERObjectsHelper.m in Sources */ = {isa = PBXBuildFile; fileRef = 3FDAA1BF19BF1502000CA725 /* FERObjectsHelper.m */; };
		3FEC01D919A4AFDA00C85141 /* Foundation.framework in Frameworks */ = {isa = PBXBuildFile; fileRef = 3FEC01D819A4AFDA00C85141 /* Foundation.framework */; };
		3FEC01DB19A4AFDA00C85141 /* CoreGraphics.framework in Frameworks */ = {isa = PBXBuildFile; fileRef = 3FEC01DA19A4AFDA00C85141 /* CoreGraphics.framework */; };
		3FEC01DD19A4AFDA00C85141 /* UIKit.framework in Frameworks */ = {isa = PBXBuildFile; fileRef = 3FEC01DC19A4AFDA00C85141 /* UIKit.framework */; };
		3FEC01E319A4AFDA00C85141 /* InfoPlist.strings in Resources */ = {isa = PBXBuildFile; fileRef = 3FEC01E119A4AFDA00C85141 /* InfoPlist.strings */; };
		3FEC01E519A4AFDA00C85141 /* main.m in Sources */ = {isa = PBXBuildFile; fileRef = 3FEC01E419A4AFDA00C85141 /* main.m */; };
		3FEC01E919A4AFDA00C85141 /* FERAppDelegate.m in Sources */ = {isa = PBXBuildFile; fileRef = 3FEC01E819A4AFDA00C85141 /* FERAppDelegate.m */; };
		3FEC01EF19A4AFDA00C85141 /* Main_iPad.storyboard in Resources */ = {isa = PBXBuildFile; fileRef = 3FEC01ED19A4AFDA00C85141 /* Main_iPad.storyboard */; };
		3FEC01F419A4AFDA00C85141 /* Images.xcassets in Resources */ = {isa = PBXBuildFile; fileRef = 3FEC01F319A4AFDA00C85141 /* Images.xcassets */; };
		3FEC01FB19A4AFDA00C85141 /* XCTest.framework in Frameworks */ = {isa = PBXBuildFile; fileRef = 3FEC01FA19A4AFDA00C85141 /* XCTest.framework */; };
		3FEC01FC19A4AFDA00C85141 /* Foundation.framework in Frameworks */ = {isa = PBXBuildFile; fileRef = 3FEC01D819A4AFDA00C85141 /* Foundation.framework */; };
		3FEC01FD19A4AFDA00C85141 /* UIKit.framework in Frameworks */ = {isa = PBXBuildFile; fileRef = 3FEC01DC19A4AFDA00C85141 /* UIKit.framework */; };
		3FEC020519A4AFDA00C85141 /* InfoPlist.strings in Resources */ = {isa = PBXBuildFile; fileRef = 3FEC020319A4AFDA00C85141 /* InfoPlist.strings */; };
		3FEC020719A4AFDA00C85141 /* DontRepeatTests.m in Sources */ = {isa = PBXBuildFile; fileRef = 3FEC020619A4AFDA00C85141 /* DontRepeatTests.m */; };
		3FEC021C19A4B0C700C85141 /* Main_iPhone.storyboard in Resources */ = {isa = PBXBuildFile; fileRef = 3FEC021619A4B0C700C85141 /* Main_iPhone.storyboard */; };
		3FEC021D19A4B0C700C85141 /* DontRepeat.m in Sources */ = {isa = PBXBuildFile; fileRef = 3FEC021819A4B0C700C85141 /* DontRepeat.m */; };
		3FEEF9AF19DC52C600E6DB82 /* UIButton+FERAnimations.m in Sources */ = {isa = PBXBuildFile; fileRef = 3FEEF9AE19DC52C600E6DB82 /* UIButton+FERAnimations.m */; };
		D388CAF56A874C259DC89E43 /* libPods.a in Frameworks */ = {isa = PBXBuildFile; fileRef = 00DA850BEC4643DEA1901786 /* libPods.a */; };
/* End PBXBuildFile section */

/* Begin PBXContainerItemProxy section */
		3FEC01FE19A4AFDA00C85141 /* PBXContainerItemProxy */ = {
			isa = PBXContainerItemProxy;
			containerPortal = 3FEC01CD19A4AFDA00C85141 /* Project object */;
			proxyType = 1;
			remoteGlobalIDString = 3FEC01D419A4AFDA00C85141;
			remoteInfo = DontRepeat;
		};
/* End PBXContainerItemProxy section */

/* Begin PBXFileReference section */
		00DA850BEC4643DEA1901786 /* libPods.a */ = {isa = PBXFileReference; explicitFileType = archive.ar; includeInIndex = 0; path = libPods.a; sourceTree = BUILT_PRODUCTS_DIR; };
		1223117E815D6217874DE9C9 /* Pods.release.xcconfig */ = {isa = PBXFileReference; includeInIndex = 1; lastKnownFileType = text.xcconfig; name = Pods.release.xcconfig; path = "Pods/Target Support Files/Pods/Pods.release.xcconfig"; sourceTree = "<group>"; };
		12990183C8AC95F555920757 /* Pods.debug.xcconfig */ = {isa = PBXFileReference; includeInIndex = 1; lastKnownFileType = text.xcconfig; name = Pods.debug.xcconfig; path = "Pods/Target Support Files/Pods/Pods.debug.xcconfig"; sourceTree = "<group>"; };
		3F01661A19E5418B001D302A /* logo29.png */ = {isa = PBXFileReference; lastKnownFileType = image.png; path = logo29.png; sourceTree = "<group>"; };
		3F01661B19E5418B001D302A /* logo40.png */ = {isa = PBXFileReference; lastKnownFileType = image.png; path = logo40.png; sourceTree = "<group>"; };
		3F01661C19E5418B001D302A /* logo58.png */ = {isa = PBXFileReference; lastKnownFileType = image.png; path = logo58.png; sourceTree = "<group>"; };
		3F01661D19E5418B001D302A /* logo80.png */ = {isa = PBXFileReference; lastKnownFileType = image.png; path = logo80.png; sourceTree = "<group>"; };
		3F01661E19E5418B001D302A /* logo180.png */ = {isa = PBXFileReference; lastKnownFileType = image.png; path = logo180.png; sourceTree = "<group>"; };
		3F01662419E542CD001D302A /* logo120.png */ = {isa = PBXFileReference; lastKnownFileType = image.png; path = logo120.png; sourceTree = "<group>"; };
		3F238D1219C1A9FB00F0A186 /* FERFormatHelperTests.m */ = {isa = PBXFileReference; fileEncoding = 4; lastKnownFileType = sourcecode.c.objc; path = FERFormatHelperTests.m; sourceTree = "<group>"; };
		3F34224419E3ECD6008E0095 /* logo76.png */ = {isa = PBXFileReference; lastKnownFileType = image.png; path = logo76.png; sourceTree = "<group>"; };
		3F34224519E3ECD6008E0095 /* logo152.png */ = {isa = PBXFileReference; lastKnownFileType = image.png; path = logo152.png; sourceTree = "<group>"; };
		3F54606A19EFBE0D00187FAC /* launch_landscapeLeft.png */ = {isa = PBXFileReference; lastKnownFileType = image.png; path = launch_landscapeLeft.png; sourceTree = "<group>"; };
		3F54606B19EFBE0D00187FAC /* launch_portrait.png */ = {isa = PBXFileReference; lastKnownFileType = image.png; path = launch_portrait.png; sourceTree = "<group>"; };
		3F54606C19EFBE0D00187FAC /* launch_portraitUpsidedown.png */ = {isa = PBXFileReference; lastKnownFileType = image.png; path = launch_portraitUpsidedown.png; sourceTree = "<group>"; };
		3F54606D19EFBE0D00187FAC /* launch_landscapeRight.png */ = {isa = PBXFileReference; lastKnownFileType = image.png; path = launch_landscapeRight.png; sourceTree = "<group>"; };
		3F54607219EFC71B00187FAC /* launch_landscapeLeft1024.png */ = {isa = PBXFileReference; lastKnownFileType = image.png; path = launch_landscapeLeft1024.png; sourceTree = "<group>"; };
		3F54607319EFC71B00187FAC /* launch_portrait1024.png */ = {isa = PBXFileReference; lastKnownFileType = image.png; path = launch_portrait1024.png; sourceTree = "<group>"; };
		3F54607419EFC71B00187FAC /* launch_portraitUpsidedown1024.png */ = {isa = PBXFileReference; lastKnownFileType = image.png; path = launch_portraitUpsidedown1024.png; sourceTree = "<group>"; };
		3F54607519EFC71B00187FAC /* launch_landscapeRight1024.png */ = {isa = PBXFileReference; lastKnownFileType = image.png; path = launch_landscapeRight1024.png; sourceTree = "<group>"; };
		3F55DA5F19E7E52700913AE5 /* FERFirstViewController.h */ = {isa = PBXFileReference; fileEncoding = 4; lastKnownFileType = sourcecode.c.h; path = FERFirstViewController.h; sourceTree = "<group>"; };
		3F55DA6019E7E52700913AE5 /* FERFirstViewController.m */ = {isa = PBXFileReference; fileEncoding = 4; lastKnownFileType = sourcecode.c.objc; path = FERFirstViewController.m; sourceTree = "<group>"; };
		3F55DA6219E7E53700913AE5 /* FERSignupViewController.h */ = {isa = PBXFileReference; fileEncoding = 4; lastKnownFileType = sourcecode.c.h; path = FERSignupViewController.h; sourceTree = "<group>"; };
		3F55DA6319E7E53700913AE5 /* FERSignupViewController.m */ = {isa = PBXFileReference; fileEncoding = 4; lastKnownFileType = sourcecode.c.objc; path = FERSignupViewController.m; sourceTree = "<group>"; };
		3F5A84CF19B71C1D00797C84 /* FERDontRepeatViewController.h */ = {isa = PBXFileReference; fileEncoding = 4; lastKnownFileType = sourcecode.c.h; path = FERDontRepeatViewController.h; sourceTree = "<group>"; };
		3F5A84D019B71C1D00797C84 /* FERDontRepeatViewController.m */ = {isa = PBXFileReference; fileEncoding = 4; lastKnownFileType = sourcecode.c.objc; path = FERDontRepeatViewController.m; sourceTree = "<group>"; };
		3F5A84D219B7260800797C84 /* FERFirebaseManager.h */ = {isa = PBXFileReference; fileEncoding = 4; lastKnownFileType = sourcecode.c.h; path = FERFirebaseManager.h; sourceTree = "<group>"; };
		3F5A84D319B7260800797C84 /* FERFirebaseManager.m */ = {isa = PBXFileReference; fileEncoding = 4; lastKnownFileType = sourcecode.c.objc; path = FERFirebaseManager.m; sourceTree = "<group>"; };
		3F5A84DB19B765D100797C84 /* FERFormatHelper.h */ = {isa = PBXFileReference; fileEncoding = 4; lastKnownFileType = sourcecode.c.h; path = FERFormatHelper.h; sourceTree = "<group>"; };
		3F5A84DC19B765D100797C84 /* FERFormatHelper.m */ = {isa = PBXFileReference; fileEncoding = 4; lastKnownFileType = sourcecode.c.objc; path = FERFormatHelper.m; sourceTree = "<group>"; };
		3F661F6719DAA5050034B550 /* NoPic.png */ = {isa = PBXFileReference; lastKnownFileType = image.png; path = NoPic.png; sourceTree = "<group>"; };
		3F661F6919DAAA880034B550 /* backgroundOrange.png */ = {isa = PBXFileReference; lastKnownFileType = image.png; path = backgroundOrange.png; sourceTree = "<group>"; };
		3F661F6B19DAEA2F0034B550 /* FERMomentLayout.h */ = {isa = PBXFileReference; fileEncoding = 4; lastKnownFileType = sourcecode.c.h; path = FERMomentLayout.h; sourceTree = "<group>"; };
		3F661F6C19DAEA2F0034B550 /* FERMomentLayout.m */ = {isa = PBXFileReference; fileEncoding = 4; lastKnownFileType = sourcecode.c.objc; path = FERMomentLayout.m; sourceTree = "<group>"; };
		3F661F6E19DAEA3E0034B550 /* FERDaysLayout.h */ = {isa = PBXFileReference; fileEncoding = 4; lastKnownFileType = sourcecode.c.h; path = FERDaysLayout.h; sourceTree = "<group>"; };
		3F661F6F19DAEA3E0034B550 /* FERDaysLayout.m */ = {isa = PBXFileReference; fileEncoding = 4; lastKnownFileType = sourcecode.c.objc; path = FERDaysLayout.m; sourceTree = "<group>"; };
		3F661F7119DB064A0034B550 /* launch960.png */ = {isa = PBXFileReference; lastKnownFileType = image.png; path = launch960.png; sourceTree = "<group>"; };
		3F661F7219DB064A0034B550 /* launch1136.png */ = {isa = PBXFileReference; lastKnownFileType = image.png; path = launch1136.png; sourceTree = "<group>"; };
		3F8C8E4519D46912008EF71C /* FERPlistManagerTests.m */ = {isa = PBXFileReference; fileEncoding = 4; lastKnownFileType = sourcecode.c.objc; path = FERPlistManagerTests.m; sourceTree = "<group>"; };
		3F8D67D219C89253008F70C4 /* FERImageDownloader.h */ = {isa = PBXFileReference; fileEncoding = 4; lastKnownFileType = sourcecode.c.h; path = FERImageDownloader.h; sourceTree = "<group>"; };
		3F8D67D319C89253008F70C4 /* FERImageDownloader.m */ = {isa = PBXFileReference; fileEncoding = 4; lastKnownFileType = sourcecode.c.objc; path = FERImageDownloader.m; sourceTree = "<group>"; };
		3F8D67D819C98BFB008F70C4 /* UIImage+Scale.h */ = {isa = PBXFileReference; fileEncoding = 4; lastKnownFileType = sourcecode.c.h; path = "UIImage+Scale.h"; sourceTree = "<group>"; };
		3F8D67D919C98BFB008F70C4 /* UIImage+Scale.m */ = {isa = PBXFileReference; fileEncoding = 4; lastKnownFileType = sourcecode.c.objc; path = "UIImage+Scale.m"; sourceTree = "<group>"; };
		3F8DAD2019DB0D96007407CC /* UIColor+FERcolors.h */ = {isa = PBXFileReference; fileEncoding = 4; lastKnownFileType = sourcecode.c.h; path = "UIColor+FERcolors.h"; sourceTree = "<group>"; };
		3F8DAD2119DB0D96007407CC /* UIColor+FERcolors.m */ = {isa = PBXFileReference; fileEncoding = 4; lastKnownFileType = sourcecode.c.objc; path = "UIColor+FERcolors.m"; sourceTree = "<group>"; };
		3F8DAD2319DB137C007407CC /* themePolaroid.png */ = {isa = PBXFileReference; lastKnownFileType = image.png; path = themePolaroid.png; sourceTree = "<group>"; };
		3F9F4D5E19A64C7600C10435 /* FERLoginManager.h */ = {isa = PBXFileReference; fileEncoding = 4; lastKnownFileType = sourcecode.c.h; path = FERLoginManager.h; sourceTree = "<group>"; };
		3F9F4D5F19A64C7600C10435 /* FERLoginManager.m */ = {isa = PBXFileReference; fileEncoding = 4; lastKnownFileType = sourcecode.c.objc; path = FERLoginManager.m; sourceTree = "<group>"; };
		3F9F4D6719A64D5900C10435 /* FERUser.h */ = {isa = PBXFileReference; fileEncoding = 4; lastKnownFileType = sourcecode.c.h; path = FERUser.h; sourceTree = "<group>"; };
		3F9F4D6819A64D5900C10435 /* FERUser.m */ = {isa = PBXFileReference; fileEncoding = 4; lastKnownFileType = sourcecode.c.objc; path = FERUser.m; sourceTree = "<group>"; };
		3FA8D48A19B5E0A900C57137 /* FERPlistManager.h */ = {isa = PBXFileReference; fileEncoding = 4; lastKnownFileType = sourcecode.c.h; path = FERPlistManager.h; sourceTree = "<group>"; };
		3FA8D48B19B5E0A900C57137 /* FERPlistManager.m */ = {isa = PBXFileReference; fileEncoding = 4; lastKnownFileType = sourcecode.c.objc; path = FERPlistManager.m; sourceTree = "<group>"; };
		3FA996B019A655B5003B00AE /* FERLoginViewController.h */ = {isa = PBXFileReference; fileEncoding = 4; lastKnownFileType = sourcecode.c.h; path = FERLoginViewController.h; sourceTree = "<group>"; };
		3FA996B119A655B5003B00AE /* FERLoginViewController.m */ = {isa = PBXFileReference; fileEncoding = 4; lastKnownFileType = sourcecode.c.objc; path = FERLoginViewController.m; sourceTree = "<group>"; };
		3FAA209D19A5018F003E22AC /* FERDontRepeatCell.h */ = {isa = PBXFileReference; fileEncoding = 4; lastKnownFileType = sourcecode.c.h; path = FERDontRepeatCell.h; sourceTree = "<group>"; };
		3FAA209E19A5018F003E22AC /* FERDontRepeatCell.m */ = {isa = PBXFileReference; fileEncoding = 4; lastKnownFileType = sourcecode.c.objc; path = FERDontRepeatCell.m; sourceTree = "<group>"; };
		3FAA20A019A5081A003E22AC /* FERMainCollectionView.h */ = {isa = PBXFileReference; fileEncoding = 4; lastKnownFileType = sourcecode.c.h; path = FERMainCollectionView.h; sourceTree = "<group>"; };
		3FAA20A119A5081A003E22AC /* FERMainCollectionView.m */ = {isa = PBXFileReference; fileEncoding = 4; lastKnownFileType = sourcecode.c.objc; path = FERMainCollectionView.m; sourceTree = "<group>"; };
		3FB15DCC19AB59A200F6BD26 /* FirebaseSimpleLogin.framework */ = {isa = PBXFileReference; lastKnownFileType = wrapper.framework; name = FirebaseSimpleLogin.framework; path = ../../Downloads/FirebaseSimpleLogin.framework; sourceTree = "<group>"; };
		3FB15DCE19AB59AC00F6BD26 /* Accounts.framework */ = {isa = PBXFileReference; lastKnownFileType = wrapper.framework; name = Accounts.framework; path = System/Library/Frameworks/Accounts.framework; sourceTree = SDKROOT; };
		3FB15DD019AB59B500F6BD26 /* Social.framework */ = {isa = PBXFileReference; lastKnownFileType = wrapper.framework; name = Social.framework; path = System/Library/Frameworks/Social.framework; sourceTree = SDKROOT; };
		3FB15E2119AC97D500F6BD26 /* FirebaseSimpleLogin.framework */ = {isa = PBXFileReference; lastKnownFileType = wrapper.framework; name = FirebaseSimpleLogin.framework; path = Frameworks/FirebaseSimpleLogin.framework; sourceTree = "<group>"; };
		3FC5703719C0A15A009868FC /* AVFoundation.framework */ = {isa = PBXFileReference; lastKnownFileType = wrapper.framework; name = AVFoundation.framework; path = System/Library/Frameworks/AVFoundation.framework; sourceTree = SDKROOT; };
		3FC5703919C0A1B4009868FC /* MobileCoreServices.framework */ = {isa = PBXFileReference; lastKnownFileType = wrapper.framework; name = MobileCoreServices.framework; path = System/Library/Frameworks/MobileCoreServices.framework; sourceTree = SDKROOT; };
		3FDAA1BB19BF10F9000CA725 /* FERDontRepeatObjects.h */ = {isa = PBXFileReference; fileEncoding = 4; lastKnownFileType = sourcecode.c.h; path = FERDontRepeatObjects.h; sourceTree = "<group>"; };
		3FDAA1BC19BF10F9000CA725 /* FERDontRepeatObjects.m */ = {isa = PBXFileReference; fileEncoding = 4; lastKnownFileType = sourcecode.c.objc; path = FERDontRepeatObjects.m; sourceTree = "<group>"; };
		3FDAA1BE19BF1502000CA725 /* FERObjectsHelper.h */ = {isa = PBXFileReference; fileEncoding = 4; lastKnownFileType = sourcecode.c.h; path = FERObjectsHelper.h; sourceTree = "<group>"; };
		3FDAA1BF19BF1502000CA725 /* FERObjectsHelper.m */ = {isa = PBXFileReference; fileEncoding = 4; lastKnownFileType = sourcecode.c.objc; path = FERObjectsHelper.m; sourceTree = "<group>"; };
		3FEC01D519A4AFDA00C85141 /* DontRepeat.app */ = {isa = PBXFileReference; explicitFileType = wrapper.application; includeInIndex = 0; path = DontRepeat.app; sourceTree = BUILT_PRODUCTS_DIR; };
		3FEC01D819A4AFDA00C85141 /* Foundation.framework */ = {isa = PBXFileReference; lastKnownFileType = wrapper.framework; name = Foundation.framework; path = System/Library/Frameworks/Foundation.framework; sourceTree = SDKROOT; };
		3FEC01DA19A4AFDA00C85141 /* CoreGraphics.framework */ = {isa = PBXFileReference; lastKnownFileType = wrapper.framework; name = CoreGraphics.framework; path = System/Library/Frameworks/CoreGraphics.framework; sourceTree = SDKROOT; };
		3FEC01DC19A4AFDA00C85141 /* UIKit.framework */ = {isa = PBXFileReference; lastKnownFileType = wrapper.framework; name = UIKit.framework; path = System/Library/Frameworks/UIKit.framework; sourceTree = SDKROOT; };
		3FEC01E019A4AFDA00C85141 /* DontRepeat-Info.plist */ = {isa = PBXFileReference; lastKnownFileType = text.plist.xml; path = "DontRepeat-Info.plist"; sourceTree = "<group>"; };
		3FEC01E219A4AFDA00C85141 /* en */ = {isa = PBXFileReference; lastKnownFileType = text.plist.strings; name = en; path = en.lproj/InfoPlist.strings; sourceTree = "<group>"; };
		3FEC01E419A4AFDA00C85141 /* main.m */ = {isa = PBXFileReference; lastKnownFileType = sourcecode.c.objc; path = main.m; sourceTree = "<group>"; };
		3FEC01E619A4AFDA00C85141 /* DontRepeat-Prefix.pch */ = {isa = PBXFileReference; lastKnownFileType = sourcecode.c.h; path = "DontRepeat-Prefix.pch"; sourceTree = "<group>"; };
		3FEC01E719A4AFDA00C85141 /* FERAppDelegate.h */ = {isa = PBXFileReference; lastKnownFileType = sourcecode.c.h; path = FERAppDelegate.h; sourceTree = "<group>"; };
		3FEC01E819A4AFDA00C85141 /* FERAppDelegate.m */ = {isa = PBXFileReference; lastKnownFileType = sourcecode.c.objc; path = FERAppDelegate.m; sourceTree = "<group>"; };
		3FEC01EE19A4AFDA00C85141 /* Base */ = {isa = PBXFileReference; lastKnownFileType = file.storyboard; name = Base; path = Base.lproj/Main_iPad.storyboard; sourceTree = "<group>"; };
		3FEC01F319A4AFDA00C85141 /* Images.xcassets */ = {isa = PBXFileReference; lastKnownFileType = folder.assetcatalog; path = Images.xcassets; sourceTree = "<group>"; };
		3FEC01F919A4AFDA00C85141 /* DontRepeatTests.xctest */ = {isa = PBXFileReference; explicitFileType = wrapper.cfbundle; includeInIndex = 0; path = DontRepeatTests.xctest; sourceTree = BUILT_PRODUCTS_DIR; };
		3FEC01FA19A4AFDA00C85141 /* XCTest.framework */ = {isa = PBXFileReference; lastKnownFileType = wrapper.framework; name = XCTest.framework; path = Library/Frameworks/XCTest.framework; sourceTree = DEVELOPER_DIR; };
		3FEC020219A4AFDA00C85141 /* DontRepeatTests-Info.plist */ = {isa = PBXFileReference; lastKnownFileType = text.plist.xml; path = "DontRepeatTests-Info.plist"; sourceTree = "<group>"; };
		3FEC020419A4AFDA00C85141 /* en */ = {isa = PBXFileReference; lastKnownFileType = text.plist.strings; name = en; path = en.lproj/InfoPlist.strings; sourceTree = "<group>"; };
		3FEC020619A4AFDA00C85141 /* DontRepeatTests.m */ = {isa = PBXFileReference; lastKnownFileType = sourcecode.c.objc; path = DontRepeatTests.m; sourceTree = "<group>"; };
		3FEC021619A4B0C700C85141 /* Main_iPhone.storyboard */ = {isa = PBXFileReference; fileEncoding = 4; lastKnownFileType = file.storyboard; path = Main_iPhone.storyboard; sourceTree = "<group>"; };
		3FEC021719A4B0C700C85141 /* DontRepeat.h */ = {isa = PBXFileReference; fileEncoding = 4; lastKnownFileType = sourcecode.c.h; path = DontRepeat.h; sourceTree = "<group>"; };
		3FEC021819A4B0C700C85141 /* DontRepeat.m */ = {isa = PBXFileReference; fileEncoding = 4; lastKnownFileType = sourcecode.c.objc; path = DontRepeat.m; sourceTree = "<group>"; };
		3FEEF9AD19DC52C600E6DB82 /* UIButton+FERAnimations.h */ = {isa = PBXFileReference; fileEncoding = 4; lastKnownFileType = sourcecode.c.h; path = "UIButton+FERAnimations.h"; sourceTree = "<group>"; };
		3FEEF9AE19DC52C600E6DB82 /* UIButton+FERAnimations.m */ = {isa = PBXFileReference; fileEncoding = 4; lastKnownFileType = sourcecode.c.objc; path = "UIButton+FERAnimations.m"; sourceTree = "<group>"; };
/* End PBXFileReference section */

/* Begin PBXFrameworksBuildPhase section */
		3FEC01D219A4AFDA00C85141 /* Frameworks */ = {
			isa = PBXFrameworksBuildPhase;
			buildActionMask = 2147483647;
			files = (
				3FC5703B19C0A202009868FC /* MobileCoreServices.framework in Frameworks */,
				3FB15E2219AC97D500F6BD26 /* FirebaseSimpleLogin.framework in Frameworks */,
				3FB15DD119AB59B500F6BD26 /* Social.framework in Frameworks */,
				3FB15DCF19AB59AC00F6BD26 /* Accounts.framework in Frameworks */,
				3FEC01DB19A4AFDA00C85141 /* CoreGraphics.framework in Frameworks */,
				3FEC01DD19A4AFDA00C85141 /* UIKit.framework in Frameworks */,
				3FEC01D919A4AFDA00C85141 /* Foundation.framework in Frameworks */,
				D388CAF56A874C259DC89E43 /* libPods.a in Frameworks */,
			);
			runOnlyForDeploymentPostprocessing = 0;
		};
		3FEC01F619A4AFDA00C85141 /* Frameworks */ = {
			isa = PBXFrameworksBuildPhase;
			buildActionMask = 2147483647;
			files = (
				3FEC01FB19A4AFDA00C85141 /* XCTest.framework in Frameworks */,
				3FEC01FD19A4AFDA00C85141 /* UIKit.framework in Frameworks */,
				3FEC01FC19A4AFDA00C85141 /* Foundation.framework in Frameworks */,
			);
			runOnlyForDeploymentPostprocessing = 0;
		};
/* End PBXFrameworksBuildPhase section */

/* Begin PBXGroup section */
		3F5A84D519B7261900797C84 /* PlistManagers */ = {
			isa = PBXGroup;
			children = (
				3FA8D48A19B5E0A900C57137 /* FERPlistManager.h */,
				3FA8D48B19B5E0A900C57137 /* FERPlistManager.m */,
			);
			name = PlistManagers;
			sourceTree = "<group>";
		};
		3F5A84D619B7263700797C84 /* FireBaseManagers */ = {
			isa = PBXGroup;
			children = (
				3F8D67D219C89253008F70C4 /* FERImageDownloader.h */,
				3F8D67D319C89253008F70C4 /* FERImageDownloader.m */,
				3F5A84D219B7260800797C84 /* FERFirebaseManager.h */,
				3F5A84D319B7260800797C84 /* FERFirebaseManager.m */,
				3F9F4D5E19A64C7600C10435 /* FERLoginManager.h */,
				3F9F4D5F19A64C7600C10435 /* FERLoginManager.m */,
			);
			name = FireBaseManagers;
			sourceTree = "<group>";
		};
		3F5A84D719B7266300797C84 /* Model */ = {
			isa = PBXGroup;
			children = (
				3FEC021719A4B0C700C85141 /* DontRepeat.h */,
				3FEC021819A4B0C700C85141 /* DontRepeat.m */,
				3F9F4D6719A64D5900C10435 /* FERUser.h */,
				3F9F4D6819A64D5900C10435 /* FERUser.m */,
				3FDAA1BB19BF10F9000CA725 /* FERDontRepeatObjects.h */,
				3FDAA1BC19BF10F9000CA725 /* FERDontRepeatObjects.m */,
			);
			name = Model;
			sourceTree = "<group>";
		};
		3F5A84D819B7267700797C84 /* View */ = {
			isa = PBXGroup;
			children = (
				3FEC021619A4B0C700C85141 /* Main_iPhone.storyboard */,
				3FEC01ED19A4AFDA00C85141 /* Main_iPad.storyboard */,
				3FAA209D19A5018F003E22AC /* FERDontRepeatCell.h */,
				3FAA209E19A5018F003E22AC /* FERDontRepeatCell.m */,
				3F661F6B19DAEA2F0034B550 /* FERMomentLayout.h */,
				3F661F6C19DAEA2F0034B550 /* FERMomentLayout.m */,
				3F661F6E19DAEA3E0034B550 /* FERDaysLayout.h */,
				3F661F6F19DAEA3E0034B550 /* FERDaysLayout.m */,
			);
			name = View;
			sourceTree = "<group>";
		};
		3F5A84D919B7268100797C84 /* Controllers */ = {
			isa = PBXGroup;
			children = (
				3F55DA5F19E7E52700913AE5 /* FERFirstViewController.h */,
				3F55DA6019E7E52700913AE5 /* FERFirstViewController.m */,
				3FA996B019A655B5003B00AE /* FERLoginViewController.h */,
				3FA996B119A655B5003B00AE /* FERLoginViewController.m */,
				3F55DA6219E7E53700913AE5 /* FERSignupViewController.h */,
				3F55DA6319E7E53700913AE5 /* FERSignupViewController.m */,
				3FAA20A019A5081A003E22AC /* FERMainCollectionView.h */,
				3FAA20A119A5081A003E22AC /* FERMainCollectionView.m */,
				3F5A84CF19B71C1D00797C84 /* FERDontRepeatViewController.h */,
				3F5A84D019B71C1D00797C84 /* FERDontRepeatViewController.m */,
			);
			name = Controllers;
			sourceTree = "<group>";
		};
		3F5A84DA19B765B500797C84 /* Helpers */ = {
			isa = PBXGroup;
			children = (
				3F8D67D819C98BFB008F70C4 /* UIImage+Scale.h */,
				3F8D67D919C98BFB008F70C4 /* UIImage+Scale.m */,
				3F5A84DB19B765D100797C84 /* FERFormatHelper.h */,
				3F5A84DC19B765D100797C84 /* FERFormatHelper.m */,
				3FDAA1BE19BF1502000CA725 /* FERObjectsHelper.h */,
				3FDAA1BF19BF1502000CA725 /* FERObjectsHelper.m */,
				3F8DAD2019DB0D96007407CC /* UIColor+FERcolors.h */,
				3F8DAD2119DB0D96007407CC /* UIColor+FERcolors.m */,
				3FEEF9AD19DC52C600E6DB82 /* UIButton+FERAnimations.h */,
				3FEEF9AE19DC52C600E6DB82 /* UIButton+FERAnimations.m */,
			);
			name = Helpers;
			sourceTree = "<group>";
		};
		3FEC01CC19A4AFDA00C85141 = {
			isa = PBXGroup;
			children = (
				3FEC01DE19A4AFDA00C85141 /* DontRepeat */,
				3FEC020019A4AFDA00C85141 /* DontRepeatTests */,
				3FEC01D719A4AFDA00C85141 /* Frameworks */,
				3FEC01D619A4AFDA00C85141 /* Products */,
				9301120665BAEF4EF8F903E5 /* Pods */,
			);
			sourceTree = "<group>";
		};
		3FEC01D619A4AFDA00C85141 /* Products */ = {
			isa = PBXGroup;
			children = (
				3FEC01D519A4AFDA00C85141 /* DontRepeat.app */,
				3FEC01F919A4AFDA00C85141 /* DontRepeatTests.xctest */,
			);
			name = Products;
			sourceTree = "<group>";
		};
		3FEC01D719A4AFDA00C85141 /* Frameworks */ = {
			isa = PBXGroup;
			children = (
				3FC5703919C0A1B4009868FC /* MobileCoreServices.framework */,
				3FC5703719C0A15A009868FC /* AVFoundation.framework */,
				3FB15E2119AC97D500F6BD26 /* FirebaseSimpleLogin.framework */,
				3FB15DD019AB59B500F6BD26 /* Social.framework */,
				3FB15DCE19AB59AC00F6BD26 /* Accounts.framework */,
				3FB15DCC19AB59A200F6BD26 /* FirebaseSimpleLogin.framework */,
				3FEC01D819A4AFDA00C85141 /* Foundation.framework */,
				3FEC01DA19A4AFDA00C85141 /* CoreGraphics.framework */,
				3FEC01DC19A4AFDA00C85141 /* UIKit.framework */,
				3FEC01FA19A4AFDA00C85141 /* XCTest.framework */,
				00DA850BEC4643DEA1901786 /* libPods.a */,
			);
			name = Frameworks;
			sourceTree = "<group>";
		};
		3FEC01DE19A4AFDA00C85141 /* DontRepeat */ = {
			isa = PBXGroup;
			children = (
				3FEC01E719A4AFDA00C85141 /* FERAppDelegate.h */,
				3FEC01E819A4AFDA00C85141 /* FERAppDelegate.m */,
				3F5A84DA19B765B500797C84 /* Helpers */,
				3F5A84D919B7268100797C84 /* Controllers */,
				3F5A84D819B7267700797C84 /* View */,
				3F5A84D719B7266300797C84 /* Model */,
				3F5A84D619B7263700797C84 /* FireBaseManagers */,
				3F5A84D519B7261900797C84 /* PlistManagers */,
				3F661F6919DAAA880034B550 /* backgroundOrange.png */,
				3F661F6719DAA5050034B550 /* NoPic.png */,
				3F661F7119DB064A0034B550 /* launch960.png */,
				3F661F7219DB064A0034B550 /* launch1136.png */,
				3F54606B19EFBE0D00187FAC /* launch_portrait.png */,
				3F54607319EFC71B00187FAC /* launch_portrait1024.png */,
				3F54606C19EFBE0D00187FAC /* launch_portraitUpsidedown.png */,
				3F54607419EFC71B00187FAC /* launch_portraitUpsidedown1024.png */,
				3F54606D19EFBE0D00187FAC /* launch_landscapeRight.png */,
				3F54607519EFC71B00187FAC /* launch_landscapeRight1024.png */,
				3F54606A19EFBE0D00187FAC /* launch_landscapeLeft.png */,
				3F54607219EFC71B00187FAC /* launch_landscapeLeft1024.png */,
				3F8DAD2319DB137C007407CC /* themePolaroid.png */,
				3F01661A19E5418B001D302A /* logo29.png */,
				3F01661B19E5418B001D302A /* logo40.png */,
				3F01661C19E5418B001D302A /* logo58.png */,
				3F01661D19E5418B001D302A /* logo80.png */,
				3F01662419E542CD001D302A /* logo120.png */,
				3F01661E19E5418B001D302A /* logo180.png */,
				3F34224419E3ECD6008E0095 /* logo76.png */,
				3F34224519E3ECD6008E0095 /* logo152.png */,
				3FEC01F319A4AFDA00C85141 /* Images.xcassets */,
				3FEC01DF19A4AFDA00C85141 /* Supporting Files */,
			);
			path = DontRepeat;
			sourceTree = "<group>";
		};
		3FEC01DF19A4AFDA00C85141 /* Supporting Files */ = {
			isa = PBXGroup;
			children = (
				3FEC01E019A4AFDA00C85141 /* DontRepeat-Info.plist */,
				3FEC01E119A4AFDA00C85141 /* InfoPlist.strings */,
				3FEC01E419A4AFDA00C85141 /* main.m */,
				3FEC01E619A4AFDA00C85141 /* DontRepeat-Prefix.pch */,
			);
			name = "Supporting Files";
			sourceTree = "<group>";
		};
		3FEC020019A4AFDA00C85141 /* DontRepeatTests */ = {
			isa = PBXGroup;
			children = (
				3FEC020619A4AFDA00C85141 /* DontRepeatTests.m */,
				3F238D1219C1A9FB00F0A186 /* FERFormatHelperTests.m */,
				3FEC020119A4AFDA00C85141 /* Supporting Files */,
				3F8C8E4519D46912008EF71C /* FERPlistManagerTests.m */,
			);
			path = DontRepeatTests;
			sourceTree = "<group>";
		};
		3FEC020119A4AFDA00C85141 /* Supporting Files */ = {
			isa = PBXGroup;
			children = (
				3FEC020219A4AFDA00C85141 /* DontRepeatTests-Info.plist */,
				3FEC020319A4AFDA00C85141 /* InfoPlist.strings */,
			);
			name = "Supporting Files";
			sourceTree = "<group>";
		};
		9301120665BAEF4EF8F903E5 /* Pods */ = {
			isa = PBXGroup;
			children = (
				12990183C8AC95F555920757 /* Pods.debug.xcconfig */,
				1223117E815D6217874DE9C9 /* Pods.release.xcconfig */,
			);
			name = Pods;
			sourceTree = "<group>";
		};
/* End PBXGroup section */

/* Begin PBXNativeTarget section */
		3FEC01D419A4AFDA00C85141 /* DontRepeat */ = {
			isa = PBXNativeTarget;
			buildConfigurationList = 3FEC020A19A4AFDA00C85141 /* Build configuration list for PBXNativeTarget "DontRepeat" */;
			buildPhases = (
				EC4F2F4FB2C44E5799D67FA6 /* Check Pods Manifest.lock */,
				3FEC01D119A4AFDA00C85141 /* Sources */,
				3FEC01D219A4AFDA00C85141 /* Frameworks */,
				3FEC01D319A4AFDA00C85141 /* Resources */,
				C006BFE9A8A0491692749B24 /* Copy Pods Resources */,
			);
			buildRules = (
			);
			dependencies = (
			);
			name = DontRepeat;
			productName = DontRepeat;
			productReference = 3FEC01D519A4AFDA00C85141 /* DontRepeat.app */;
			productType = "com.apple.product-type.application";
		};
		3FEC01F819A4AFDA00C85141 /* DontRepeatTests */ = {
			isa = PBXNativeTarget;
			buildConfigurationList = 3FEC020D19A4AFDA00C85141 /* Build configuration list for PBXNativeTarget "DontRepeatTests" */;
			buildPhases = (
				3FEC01F519A4AFDA00C85141 /* Sources */,
				3FEC01F619A4AFDA00C85141 /* Frameworks */,
				3FEC01F719A4AFDA00C85141 /* Resources */,
			);
			buildRules = (
			);
			dependencies = (
				3FEC01FF19A4AFDA00C85141 /* PBXTargetDependency */,
			);
			name = DontRepeatTests;
			productName = DontRepeatTests;
			productReference = 3FEC01F919A4AFDA00C85141 /* DontRepeatTests.xctest */;
			productType = "com.apple.product-type.bundle.unit-test";
		};
/* End PBXNativeTarget section */

/* Begin PBXProject section */
		3FEC01CD19A4AFDA00C85141 /* Project object */ = {
			isa = PBXProject;
			attributes = {
				CLASSPREFIX = FER;
				LastUpgradeCheck = 0510;
				ORGANIZATIONNAME = FernandoGarciaCorrochano;
				TargetAttributes = {
					3FEC01D419A4AFDA00C85141 = {
						DevelopmentTeam = YA8E6467UK;
					};
					3FEC01F819A4AFDA00C85141 = {
						TestTargetID = 3FEC01D419A4AFDA00C85141;
					};
				};
			};
			buildConfigurationList = 3FEC01D019A4AFDA00C85141 /* Build configuration list for PBXProject "DontRepeat" */;
			compatibilityVersion = "Xcode 3.2";
			developmentRegion = English;
			hasScannedForEncodings = 0;
			knownRegions = (
				en,
				Base,
			);
			mainGroup = 3FEC01CC19A4AFDA00C85141;
			productRefGroup = 3FEC01D619A4AFDA00C85141 /* Products */;
			projectDirPath = "";
			projectRoot = "";
			targets = (
				3FEC01D419A4AFDA00C85141 /* DontRepeat */,
				3FEC01F819A4AFDA00C85141 /* DontRepeatTests */,
			);
		};
/* End PBXProject section */

/* Begin PBXResourcesBuildPhase section */
		3FEC01D319A4AFDA00C85141 /* Resources */ = {
			isa = PBXResourcesBuildPhase;
			buildActionMask = 2147483647;
			files = (
				3F54607119EFBE0D00187FAC /* launch_landscapeRight.png in Resources */,
				3FEC01EF19A4AFDA00C85141 /* Main_iPad.storyboard in Resources */,
				3FEC01F419A4AFDA00C85141 /* Images.xcassets in Resources */,
				3F01662019E5418B001D302A /* logo40.png in Resources */,
				3F01662319E5418B001D302A /* logo180.png in Resources */,
				3F661F7319DB064A0034B550 /* launch960.png in Resources */,
				3F54606F19EFBE0D00187FAC /* launch_portrait.png in Resources */,
				3F34224619E3ECD6008E0095 /* logo76.png in Resources */,
				3F54607719EFC71B00187FAC /* launch_portrait1024.png in Resources */,
				3F54607619EFC71B00187FAC /* launch_landscapeLeft1024.png in Resources */,
				3F661F7419DB064A0034B550 /* launch1136.png in Resources */,
				3F54606E19EFBE0D00187FAC /* launch_landscapeLeft.png in Resources */,
				3F54607819EFC71B00187FAC /* launch_portraitUpsidedown1024.png in Resources */,
				3F01662219E5418B001D302A /* logo80.png in Resources */,
				3FEC01E319A4AFDA00C85141 /* InfoPlist.strings in Resources */,
				3F8DAD2419DB137C007407CC /* themePolaroid.png in Resources */,
				3F661F6A19DAAA880034B550 /* backgroundOrange.png in Resources */,
				3F54607019EFBE0D00187FAC /* launch_portraitUpsidedown.png in Resources */,
				3F01662119E5418B001D302A /* logo58.png in Resources */,
				3F54607919EFC71B00187FAC /* launch_landscapeRight1024.png in Resources */,
				3F34224719E3ECD6008E0095 /* logo152.png in Resources */,
				3F01661F19E5418B001D302A /* logo29.png in Resources */,
				3F661F6819DAA5050034B550 /* NoPic.png in Resources */,
				3F01662519E542CD001D302A /* logo120.png in Resources */,
				3FEC021C19A4B0C700C85141 /* Main_iPhone.storyboard in Resources */,
			);
			runOnlyForDeploymentPostprocessing = 0;
		};
		3FEC01F719A4AFDA00C85141 /* Resources */ = {
			isa = PBXResourcesBuildPhase;
			buildActionMask = 2147483647;
			files = (
				3FEC020519A4AFDA00C85141 /* InfoPlist.strings in Resources */,
			);
			runOnlyForDeploymentPostprocessing = 0;
		};
/* End PBXResourcesBuildPhase section */

/* Begin PBXShellScriptBuildPhase section */
		C006BFE9A8A0491692749B24 /* Copy Pods Resources */ = {
			isa = PBXShellScriptBuildPhase;
			buildActionMask = 2147483647;
			files = (
			);
			inputPaths = (
			);
			name = "Copy Pods Resources";
			outputPaths = (
			);
			runOnlyForDeploymentPostprocessing = 0;
			shellPath = /bin/sh;
			shellScript = "\"${SRCROOT}/Pods/Target Support Files/Pods/Pods-resources.sh\"\n";
			showEnvVarsInLog = 0;
		};
		EC4F2F4FB2C44E5799D67FA6 /* Check Pods Manifest.lock */ = {
			isa = PBXShellScriptBuildPhase;
			buildActionMask = 2147483647;
			files = (
			);
			inputPaths = (
			);
			name = "Check Pods Manifest.lock";
			outputPaths = (
			);
			runOnlyForDeploymentPostprocessing = 0;
			shellPath = /bin/sh;
			shellScript = "diff \"${PODS_ROOT}/../Podfile.lock\" \"${PODS_ROOT}/Manifest.lock\" > /dev/null\nif [[ $? != 0 ]] ; then\n    cat << EOM\nerror: The sandbox is not in sync with the Podfile.lock. Run 'pod install' or update your CocoaPods installation.\nEOM\n    exit 1\nfi\n";
			showEnvVarsInLog = 0;
		};
/* End PBXShellScriptBuildPhase section */

/* Begin PBXSourcesBuildPhase section */
		3FEC01D119A4AFDA00C85141 /* Sources */ = {
			isa = PBXSourcesBuildPhase;
			buildActionMask = 2147483647;
			files = (
				3F9F4D6419A64C7600C10435 /* FERLoginManager.m in Sources */,
				3FA996B219A655B5003B00AE /* FERLoginViewController.m in Sources */,
				3F661F6D19DAEA2F0034B550 /* FERMomentLayout.m in Sources */,
				3F55DA6419E7E53700913AE5 /* FERSignupViewController.m in Sources */,
				3F5A84D119B71C1D00797C84 /* FERDontRepeatViewController.m in Sources */,
				3FA8D48C19B5E0A900C57137 /* FERPlistManager.m in Sources */,
				3F8D67DA19C98BFB008F70C4 /* UIImage+Scale.m in Sources */,
				3FEEF9AF19DC52C600E6DB82 /* UIButton+FERAnimations.m in Sources */,
				3F661F7019DAEA3E0034B550 /* FERDaysLayout.m in Sources */,
				3FDAA1C019BF1502000CA725 /* FERObjectsHelper.m in Sources */,
				3F5A84DD19B765D100797C84 /* FERFormatHelper.m in Sources */,
				3FDAA1BD19BF10F9000CA725 /* FERDontRepeatObjects.m in Sources */,
				3FEC01E919A4AFDA00C85141 /* FERAppDelegate.m in Sources */,
				3F55DA6119E7E52700913AE5 /* FERFirstViewController.m in Sources */,
				3FAA209F19A5018F003E22AC /* FERDontRepeatCell.m in Sources */,
				3FAA20A219A5081A003E22AC /* FERMainCollectionView.m in Sources */,
				3F5A84D419B7260800797C84 /* FERFirebaseManager.m in Sources */,
				3F8DAD2219DB0D96007407CC /* UIColor+FERcolors.m in Sources */,
				3FEC021D19A4B0C700C85141 /* DontRepeat.m in Sources */,
				3FEC01E519A4AFDA00C85141 /* main.m in Sources */,
				3F8D67D419C89253008F70C4 /* FERImageDownloader.m in Sources */,
				3F9F4D6919A64D5900C10435 /* FERUser.m in Sources */,
			);
			runOnlyForDeploymentPostprocessing = 0;
		};
		3FEC01F519A4AFDA00C85141 /* Sources */ = {
			isa = PBXSourcesBuildPhase;
			buildActionMask = 2147483647;
			files = (
				3F8C8E4619D46912008EF71C /* FERPlistManagerTests.m in Sources */,
				3F238D1319C1A9FB00F0A186 /* FERFormatHelperTests.m in Sources */,
				3FEC020719A4AFDA00C85141 /* DontRepeatTests.m in Sources */,
			);
			runOnlyForDeploymentPostprocessing = 0;
		};
/* End PBXSourcesBuildPhase section */

/* Begin PBXTargetDependency section */
		3FEC01FF19A4AFDA00C85141 /* PBXTargetDependency */ = {
			isa = PBXTargetDependency;
			target = 3FEC01D419A4AFDA00C85141 /* DontRepeat */;
			targetProxy = 3FEC01FE19A4AFDA00C85141 /* PBXContainerItemProxy */;
		};
/* End PBXTargetDependency section */

/* Begin PBXVariantGroup section */
		3FEC01E119A4AFDA00C85141 /* InfoPlist.strings */ = {
			isa = PBXVariantGroup;
			children = (
				3FEC01E219A4AFDA00C85141 /* en */,
			);
			name = InfoPlist.strings;
			sourceTree = "<group>";
		};
		3FEC01ED19A4AFDA00C85141 /* Main_iPad.storyboard */ = {
			isa = PBXVariantGroup;
			children = (
				3FEC01EE19A4AFDA00C85141 /* Base */,
			);
			name = Main_iPad.storyboard;
			sourceTree = "<group>";
		};
		3FEC020319A4AFDA00C85141 /* InfoPlist.strings */ = {
			isa = PBXVariantGroup;
			children = (
				3FEC020419A4AFDA00C85141 /* en */,
			);
			name = InfoPlist.strings;
			sourceTree = "<group>";
		};
/* End PBXVariantGroup section */

/* Begin XCBuildConfiguration section */
		3FEC020819A4AFDA00C85141 /* Debug */ = {
			isa = XCBuildConfiguration;
			buildSettings = {
				ALWAYS_SEARCH_USER_PATHS = NO;
				CLANG_CXX_LANGUAGE_STANDARD = "gnu++0x";
				CLANG_CXX_LIBRARY = "libc++";
				CLANG_ENABLE_MODULES = YES;
				CLANG_ENABLE_OBJC_ARC = YES;
				CLANG_WARN_BOOL_CONVERSION = YES;
				CLANG_WARN_CONSTANT_CONVERSION = YES;
				CLANG_WARN_DIRECT_OBJC_ISA_USAGE = YES_ERROR;
				CLANG_WARN_EMPTY_BODY = YES;
				CLANG_WARN_ENUM_CONVERSION = YES;
				CLANG_WARN_INT_CONVERSION = YES;
				CLANG_WARN_OBJC_ROOT_CLASS = YES_ERROR;
				CLANG_WARN__DUPLICATE_METHOD_MATCH = YES;
				"CODE_SIGN_IDENTITY[sdk=iphoneos*]" = "iPhone Developer";
				COPY_PHASE_STRIP = NO;
				GCC_C_LANGUAGE_STANDARD = gnu99;
				GCC_DYNAMIC_NO_PIC = NO;
				GCC_OPTIMIZATION_LEVEL = 0;
				GCC_PREPROCESSOR_DEFINITIONS = (
					"DEBUG=1",
					"$(inherited)",
				);
				GCC_SYMBOLS_PRIVATE_EXTERN = NO;
				GCC_WARN_64_TO_32_BIT_CONVERSION = YES;
				GCC_WARN_ABOUT_RETURN_TYPE = YES_ERROR;
				GCC_WARN_UNDECLARED_SELECTOR = YES;
				GCC_WARN_UNINITIALIZED_AUTOS = YES_AGGRESSIVE;
				GCC_WARN_UNUSED_FUNCTION = YES;
				GCC_WARN_UNUSED_VARIABLE = YES;
				IPHONEOS_DEPLOYMENT_TARGET = 7.1;
				ONLY_ACTIVE_ARCH = YES;
				SDKROOT = iphoneos;
				TARGETED_DEVICE_FAMILY = "1,2";
			};
			name = Debug;
		};
		3FEC020919A4AFDA00C85141 /* Release */ = {
			isa = XCBuildConfiguration;
			buildSettings = {
				ALWAYS_SEARCH_USER_PATHS = NO;
				CLANG_CXX_LANGUAGE_STANDARD = "gnu++0x";
				CLANG_CXX_LIBRARY = "libc++";
				CLANG_ENABLE_MODULES = YES;
				CLANG_ENABLE_OBJC_ARC = YES;
				CLANG_WARN_BOOL_CONVERSION = YES;
				CLANG_WARN_CONSTANT_CONVERSION = YES;
				CLANG_WARN_DIRECT_OBJC_ISA_USAGE = YES_ERROR;
				CLANG_WARN_EMPTY_BODY = YES;
				CLANG_WARN_ENUM_CONVERSION = YES;
				CLANG_WARN_INT_CONVERSION = YES;
				CLANG_WARN_OBJC_ROOT_CLASS = YES_ERROR;
				CLANG_WARN__DUPLICATE_METHOD_MATCH = YES;
				"CODE_SIGN_IDENTITY[sdk=iphoneos*]" = "iPhone Developer";
				COPY_PHASE_STRIP = YES;
				ENABLE_NS_ASSERTIONS = NO;
				GCC_C_LANGUAGE_STANDARD = gnu99;
				GCC_WARN_64_TO_32_BIT_CONVERSION = YES;
				GCC_WARN_ABOUT_RETURN_TYPE = YES_ERROR;
				GCC_WARN_UNDECLARED_SELECTOR = YES;
				GCC_WARN_UNINITIALIZED_AUTOS = YES_AGGRESSIVE;
				GCC_WARN_UNUSED_FUNCTION = YES;
				GCC_WARN_UNUSED_VARIABLE = YES;
				IPHONEOS_DEPLOYMENT_TARGET = 7.1;
				SDKROOT = iphoneos;
				TARGETED_DEVICE_FAMILY = "1,2";
				VALIDATE_PRODUCT = YES;
			};
			name = Release;
		};
		3FEC020B19A4AFDA00C85141 /* Debug */ = {
			isa = XCBuildConfiguration;
			baseConfigurationReference = 12990183C8AC95F555920757 /* Pods.debug.xcconfig */;
			buildSettings = {
				ASSETCATALOG_COMPILER_APPICON_NAME = AppIcon;
				ASSETCATALOG_COMPILER_LAUNCHIMAGE_NAME = LaunchImage;
				CODE_SIGN_IDENTITY = "iPhone Developer";
				"CODE_SIGN_IDENTITY[sdk=iphoneos*]" = "iPhone Developer";
				GCC_PRECOMPILE_PREFIX_HEADER = YES;
				GCC_PREFIX_HEADER = "DontRepeat/DontRepeat-Prefix.pch";
				INFOPLIST_FILE = "DontRepeat/DontRepeat-Info.plist";
				IPHONEOS_DEPLOYMENT_TARGET = 7.0;
				LIBRARY_SEARCH_PATHS = (
					"$(inherited)",
					"$(PROJECT_DIR)/Pods/build/Debug-iphoneos",
				);
				PRODUCT_NAME = "$(TARGET_NAME)";
				PROVISIONING_PROFILE = "";
				WRAPPER_EXTENSION = app;
			};
			name = Debug;
		};
		3FEC020C19A4AFDA00C85141 /* Release */ = {
			isa = XCBuildConfiguration;
			baseConfigurationReference = 1223117E815D6217874DE9C9 /* Pods.release.xcconfig */;
			buildSettings = {
				ASSETCATALOG_COMPILER_APPICON_NAME = AppIcon;
				ASSETCATALOG_COMPILER_LAUNCHIMAGE_NAME = LaunchImage;
				CODE_SIGN_IDENTITY = "iPhone Developer";
				"CODE_SIGN_IDENTITY[sdk=iphoneos*]" = "iPhone Developer";
				GCC_PRECOMPILE_PREFIX_HEADER = YES;
				GCC_PREFIX_HEADER = "DontRepeat/DontRepeat-Prefix.pch";
				INFOPLIST_FILE = "DontRepeat/DontRepeat-Info.plist";
				IPHONEOS_DEPLOYMENT_TARGET = 7.0;
				LIBRARY_SEARCH_PATHS = (
					"$(inherited)",
					"$(PROJECT_DIR)/Pods/build/Debug-iphoneos",
				);
				ONLY_ACTIVE_ARCH = YES;
				PRODUCT_NAME = "$(TARGET_NAME)";
				PROVISIONING_PROFILE = "";
				WRAPPER_EXTENSION = app;
			};
			name = Release;
		};
		3FEC020E19A4AFDA00C85141 /* Debug */ = {
			isa = XCBuildConfiguration;
			buildSettings = {
				BUNDLE_LOADER = "$(BUILT_PRODUCTS_DIR)/DontRepeat.app/DontRepeat";
				FRAMEWORK_SEARCH_PATHS = (
					"$(SDKROOT)/Developer/Library/Frameworks",
					"$(inherited)",
					"$(DEVELOPER_FRAMEWORKS_DIR)",
				);
				GCC_PRECOMPILE_PREFIX_HEADER = YES;
				GCC_PREFIX_HEADER = "DontRepeat/DontRepeat-Prefix.pch";
				GCC_PREPROCESSOR_DEFINITIONS = (
					"DEBUG=1",
					"$(inherited)",
				);
				INFOPLIST_FILE = "DontRepeatTests/DontRepeatTests-Info.plist";
				PRODUCT_NAME = "$(TARGET_NAME)";
				TEST_HOST = "$(BUNDLE_LOADER)";
				WRAPPER_EXTENSION = xctest;
			};
			name = Debug;
		};
		3FEC020F19A4AFDA00C85141 /* Release */ = {
			isa = XCBuildConfiguration;
			buildSettings = {
				BUNDLE_LOADER = "$(BUILT_PRODUCTS_DIR)/DontRepeat.app/DontRepeat";
				FRAMEWORK_SEARCH_PATHS = (
					"$(SDKROOT)/Developer/Library/Frameworks",
					"$(inherited)",
					"$(DEVELOPER_FRAMEWORKS_DIR)",
				);
				GCC_PRECOMPILE_PREFIX_HEADER = YES;
				GCC_PREFIX_HEADER = "DontRepeat/DontRepeat-Prefix.pch";
				INFOPLIST_FILE = "DontRepeatTests/DontRepeatTests-Info.plist";
				PRODUCT_NAME = "$(TARGET_NAME)";
				TEST_HOST = "$(BUNDLE_LOADER)";
				WRAPPER_EXTENSION = xctest;
			};
			name = Release;
		};
/* End XCBuildConfiguration section */

/* Begin XCConfigurationList section */
		3FEC01D019A4AFDA00C85141 /* Build configuration list for PBXProject "DontRepeat" */ = {
			isa = XCConfigurationList;
			buildConfigurations = (
				3FEC020819A4AFDA00C85141 /* Debug */,
				3FEC020919A4AFDA00C85141 /* Release */,
			);
			defaultConfigurationIsVisible = 0;
			defaultConfigurationName = Release;
		};
		3FEC020A19A4AFDA00C85141 /* Build configuration list for PBXNativeTarget "DontRepeat" */ = {
			isa = XCConfigurationList;
			buildConfigurations = (
				3FEC020B19A4AFDA00C85141 /* Debug */,
				3FEC020C19A4AFDA00C85141 /* Release */,
			);
			defaultConfigurationIsVisible = 0;
			defaultConfigurationName = Release;
		};
		3FEC020D19A4AFDA00C85141 /* Build configuration list for PBXNativeTarget "DontRepeatTests" */ = {
			isa = XCConfigurationList;
			buildConfigurations = (
				3FEC020E19A4AFDA00C85141 /* Debug */,
				3FEC020F19A4AFDA00C85141 /* Release */,
			);
			defaultConfigurationIsVisible = 0;
			defaultConfigurationName = Release;
		};
/* End XCConfigurationList section */
	};
	rootObject = 3FEC01CD19A4AFDA00C85141 /* Project object */;
}
